
Microsoft Visual Studio Solution File, Format Version 12.00
# Visual Studio Version 17
VisualStudioVersion = 17.0.31903.59
MinimumVisualStudioVersion = 10.0.40219.1
Project("{9A19103F-16F7-4668-BE54-9A1E7A4F7556}") = "Ecommerce.AppHost", "src\Aspire\Ecommerce.AppHost\Ecommerce.AppHost.csproj", "{990CECF7-D274-4BA4-8410-5F3A6106CF81}"
EndProject
Project("{9A19103F-16F7-4668-BE54-9A1E7A4F7556}") = "Ecommerce.ServiceDefaults", "src\Aspire\Ecommerce.ServiceDefaults\Ecommerce.ServiceDefaults.csproj", "{D4D1EC8B-7FEE-4ED6-901D-F973C15BBB07}"
EndProject
Project("{2150E333-8FDC-42A3-9474-1A3956D46DE8}") = "items", "items", "{6B8C9962-F8AB-4C57-89CE-A3CA965C3EAD}"
	ProjectSection(SolutionItems) = preProject
		Directory.Build.props = Directory.Build.props
		Directory.Build.targets = Directory.Build.targets
		Directory.Packages.props = Directory.Packages.props
		nuget.config = nuget.config
	EndProjectSection
EndProject
Project("{2150E333-8FDC-42A3-9474-1A3956D46DE8}") = "Aspire", "Aspire", "{0F280D2F-0FFA-45C2-B14D-43E79E07D699}"
EndProject
Project("{2150E333-8FDC-42A3-9474-1A3956D46DE8}") = "BuildingBlocks", "BuildingBlocks", "{5AAEE39B-AD5E-45A1-AAA9-ED49F7972486}"
EndProject
Project("{9A19103F-16F7-4668-BE54-9A1E7A4F7556}") = "Ecommerce.SharedKernel", "src\BuildingBlocks\Ecommerce.SharedKernel\Ecommerce.SharedKernel.csproj", "{6A2C4E22-3597-4417-A0CD-01881CD2B65B}"
EndProject
Project("{9A19103F-16F7-4668-BE54-9A1E7A4F7556}") = "Ecommerce.EF", "src\BuildingBlocks\Ecommerce.EF\Ecommerce.EF.csproj", "{89598383-C38C-4A59-A584-4F3739BA8B80}"
EndProject
Project("{9A19103F-16F7-4668-BE54-9A1E7A4F7556}") = "Ecommerce.MassTransit", "src\BuildingBlocks\Ecommerce.MassTransit\Ecommerce.MassTransit.csproj", "{159B06C4-A031-4ADB-B6C7-B9E4F01B4F5A}"
EndProject
Project("{9A19103F-16F7-4668-BE54-9A1E7A4F7556}") = "Ecommerce.HealthCheckUi", "src\BuildingBlocks\Ecommerce.HealthCheckUi\Ecommerce.HealthCheckUi.csproj", "{1F8F7002-8136-4F9F-9E2C-91F23AB990D3}"
EndProject
Project("{9A19103F-16F7-4668-BE54-9A1E7A4F7556}") = "Ecommerce.MailDev", "src\BuildingBlocks\Ecommerce.MailDev\Ecommerce.MailDev.csproj", "{448F5A79-9296-4C3E-864F-2467657F7F08}"
EndProject
Project("{9A19103F-16F7-4668-BE54-9A1E7A4F7556}") = "Ecommerce.Constant", "src\BuildingBlocks\Ecommerce.Constant\Ecommerce.Constant.csproj", "{736FE392-732D-48EE-8B83-2A7EBE0DD764}"
EndProject
Project("{2150E333-8FDC-42A3-9474-1A3956D46DE8}") = "Services", "Services", "{C36001D2-976C-4FCC-83A8-7B13758980F1}"
EndProject
Project("{9A19103F-16F7-4668-BE54-9A1E7A4F7556}") = "Ecommerce.Catalog", "src\Services\Ecommerce.Catalog\Ecommerce.Catalog.csproj", "{551A8CB4-4BAB-4985-9E52-742550FC50DD}"
EndProject
Project("{2150E333-8FDC-42A3-9474-1A3956D46DE8}") = "Catalog", "Catalog", "{E5A0FCC3-8BF7-465D-BEB1-E819E3C2196B}"
EndProject
Project("{2150E333-8FDC-42A3-9474-1A3956D46DE8}") = "Identity", "Identity", "{407063A7-B425-4676-A222-8B5E4CC5B6FE}"
EndProject
Project("{2150E333-8FDC-42A3-9474-1A3956D46DE8}") = "Tax", "Tax", "{4D7EC236-DB85-416E-AA73-0AB74B04AF01}"
EndProject
Project("{2150E333-8FDC-42A3-9474-1A3956D46DE8}") = "Media", "Media", "{4A3E296C-834D-4493-8D24-E8FE1322952C}"
EndProject
Project("{2150E333-8FDC-42A3-9474-1A3956D46DE8}") = "Basket", "Basket", "{794AADAB-183B-4D39-B611-1D357C990F8D}"
EndProject
Project("{2150E333-8FDC-42A3-9474-1A3956D46DE8}") = "Rating", "Rating", "{552879D6-75F5-4CBB-93F1-62C7411A9218}"
EndProject
Project("{2150E333-8FDC-42A3-9474-1A3956D46DE8}") = "Inventory", "Inventory", "{C58BC451-18AC-427E-93F0-8F466378283A}"
EndProject
Project("{2150E333-8FDC-42A3-9474-1A3956D46DE8}") = "Order", "Order", "{F2E9FA38-F35A-4E76-A81A-4B0C3EA73736}"
EndProject
Project("{2150E333-8FDC-42A3-9474-1A3956D46DE8}") = "Notification", "Notification", "{473D9C76-E133-4974-916A-919BA997228B}"
EndProject
Project("{2150E333-8FDC-42A3-9474-1A3956D46DE8}") = "Customer", "Customer", "{8A4B2251-0E97-455A-B421-5A1017BC87F8}"
EndProject
Project("{2150E333-8FDC-42A3-9474-1A3956D46DE8}") = "Promotion", "Promotion", "{DFE05568-0FEE-4A27-A8E8-853D8FB1FFE2}"
EndProject
Project("{9A19103F-16F7-4668-BE54-9A1E7A4F7556}") = "Ecommerce.Catalog.UnitTests", "tests\Ecommerce.Catalog.UnitTests\Ecommerce.Catalog.UnitTests.csproj", "{14FA8CA0-865A-48EE-92DE-DDCB10CE0DBA}"
EndProject
Project("{9A19103F-16F7-4668-BE54-9A1E7A4F7556}") = "Ecommerce.Identity", "src\Services\Ecommerce.Identity\Ecommerce.Identity.csproj", "{2BDA880E-BCA2-4E5F-ABDD-A7CF3E5F6179}"
EndProject
Project("{9A19103F-16F7-4668-BE54-9A1E7A4F7556}") = "Ecommerce.Media", "src\Services\Ecommerce.Media\Ecommerce.Media.csproj", "{7C495C67-82D4-4E31-9425-EE230B6F428E}"
EndProject
Project("{2150E333-8FDC-42A3-9474-1A3956D46DE8}") = "Clients", "Clients", "{9C00B4D7-E800-4D31-AEB2-7A8950B9127F}"
EndProject
Project("{9A19103F-16F7-4668-BE54-9A1E7A4F7556}") = "Ecommerce.Catalog.IntegrationTests", "tests\Ecommerce.Catalog.IntegrationTests\Ecommerce.Catalog.IntegrationTests.csproj", "{A4EE955A-376F-4E9C-8772-52676835AE19}"
EndProject
Project("{9A19103F-16F7-4668-BE54-9A1E7A4F7556}") = "Ecommerce.Inventory", "src\Services\Ecommerce.Inventory\Ecommerce.Inventory.csproj", "{F9E49F24-5038-4A06-9833-73AB64F63070}"
EndProject
Project("{9A19103F-16F7-4668-BE54-9A1E7A4F7556}") = "Ecommerce.Basket", "src\Services\Ecommerce.Basket\Ecommerce.Basket.csproj", "{D5F1833D-94E1-431C-B7AF-394D7F9FDF5C}"
EndProject
Project("{9A19103F-16F7-4668-BE54-9A1E7A4F7556}") = "Ecommerce.Customer", "src\Services\Ecommerce.Customer\Ecommerce.Customer.csproj", "{2676736B-FE13-40E4-97DB-EEDDF7634AE2}"
EndProject
Project("{9A19103F-16F7-4668-BE54-9A1E7A4F7556}") = "Ecommerce.Notification", "src\Services\Ecommerce.Notification\Ecommerce.Notification.csproj", "{AF1D45E0-A4C5-45F4-AE1C-53EE4ACF0DB0}"
EndProject
Project("{9A19103F-16F7-4668-BE54-9A1E7A4F7556}") = "Ecommerce.Order", "src\Services\Ecommerce.Order\Ecommerce.Order.csproj", "{D2D42C04-A44A-42F2-AB9E-98C0F50AE456}"
EndProject
Project("{9A19103F-16F7-4668-BE54-9A1E7A4F7556}") = "Ecommerce.Promotion", "src\Services\Ecommerce.Promotion\Ecommerce.Promotion.csproj", "{80FEA811-1A51-4C1C-B53C-8EADBC7D7DDA}"
EndProject
Project("{9A19103F-16F7-4668-BE54-9A1E7A4F7556}") = "Ecommerce.Rating", "src\Services\Ecommerce.Rating\Ecommerce.Rating.csproj", "{F896C1A8-8FD2-44EC-B3BB-67BC362682D9}"
EndProject
Project("{9A19103F-16F7-4668-BE54-9A1E7A4F7556}") = "Ecommerce.Tax", "src\Services\Ecommerce.Tax\Ecommerce.Tax.csproj", "{19438E76-F631-4570-BEB9-37869E3E0EA5}"
EndProject
Project("{2150E333-8FDC-42A3-9474-1A3956D46DE8}") = "StoreFront", "StoreFront", "{A6CA3B71-7155-4365-9FD5-2400CCA2B947}"
EndProject
Project("{9A19103F-16F7-4668-BE54-9A1E7A4F7556}") = "Ecommerce.StoreFront", "src\Clients\Ecommerce.StoreFront\Ecommerce.StoreFront\Ecommerce.StoreFront.csproj", "{D4C7A9CE-FF70-42E8-801E-E8807FF5D302}"
EndProject
Project("{9A19103F-16F7-4668-BE54-9A1E7A4F7556}") = "Ecommerce.StoreFront.Client", "src\Clients\Ecommerce.StoreFront\Ecommerce.StoreFront.Client\Ecommerce.StoreFront.Client.csproj", "{ED572149-C701-4B06-81B6-82DFF4AB319F}"
EndProject
Project("{2150E333-8FDC-42A3-9474-1A3956D46DE8}") = "BackOffice", "BackOffice", "{1FBC1B68-2F2A-4D8B-B4B9-16E72036BE0F}"
EndProject
Project("{9A19103F-16F7-4668-BE54-9A1E7A4F7556}") = "Ecommerce.BackOffice", "src\Clients\Ecommerce.BackOffice\Ecommerce.BackOffice\Ecommerce.BackOffice.csproj", "{7A1058FE-7171-4A67-8278-A6C8B4769BCC}"
EndProject
Project("{9A19103F-16F7-4668-BE54-9A1E7A4F7556}") = "Ecommerce.BackOffice.Client", "src\Clients\Ecommerce.BackOffice\Ecommerce.BackOffice.Client\Ecommerce.BackOffice.Client.csproj", "{3FAB74FB-2202-46C5-8A87-9091B9AE1FE3}"
EndProject
Project("{2150E333-8FDC-42A3-9474-1A3956D46DE8}") = "Gateways", "Gateways", "{DB24EAD9-0E83-46C6-A33B-91C8A5918594}"
EndProject
Project("{9A19103F-16F7-4668-BE54-9A1E7A4F7556}") = "Ecommerce.Components", "src\Clients\Ecommerce.Components\Ecommerce.Components.csproj", "{3D599199-6EC0-456E-B265-DC11E7072C76}"
EndProject
Project("{2150E333-8FDC-42A3-9474-1A3956D46DE8}") = "Shared", "Shared", "{B47B13F6-4B05-4048-9D3F-CE11A4BA23BD}"
EndProject
Project("{9A19103F-16F7-4668-BE54-9A1E7A4F7556}") = "Ecommerce.Bff.StoreFront", "src\ApiGateway\Ecommerce.Bff.StoreFront\Ecommerce.Bff.StoreFront.csproj", "{AA9DFC00-C1A6-4320-8815-6324DA75605D}"
EndProject
Project("{9A19103F-16F7-4668-BE54-9A1E7A4F7556}") = "Ecommerce.Bff.BackOffice", "src\ApiGateway\Ecommerce.Bff.BackOffice\Ecommerce.Bff.BackOffice.csproj", "{8F8701D0-C54E-4D73-8422-A81FAE30AE46}"
EndProject
Project("{2150E333-8FDC-42A3-9474-1A3956D46DE8}") = "Webhook", "Webhook", "{DE097D0A-8F10-4599-97CB-F8C13C398A62}"
EndProject
Project("{9A19103F-16F7-4668-BE54-9A1E7A4F7556}") = "Ecommerce.Webhook", "src\Services\Ecommerce.Webhook\Ecommerce.Webhook.csproj", "{148049DD-630A-4281-9C4C-021D902CC216}"
EndProject
Project("{2150E333-8FDC-42A3-9474-1A3956D46DE8}") = "Webhook", "Webhook", "{2C8EB3F2-621A-4494-8CC7-CA218F0AC8DD}"
EndProject
Project("{9A19103F-16F7-4668-BE54-9A1E7A4F7556}") = "Ecommerce.WebhookClient", "src\Clients\Ecommerce.WebhookClient\Ecommerce.WebhookClient.csproj", "{16E88AFD-41CD-4281-B5E1-C717720C55D8}"
EndProject
Project("{2150E333-8FDC-42A3-9474-1A3956D46DE8}") = "Location", "Location", "{F3F7DDCE-5A95-435B-86F5-E87746AECF0A}"
EndProject
Project("{9A19103F-16F7-4668-BE54-9A1E7A4F7556}") = "Ecommerce.Location", "src\Services\Ecommerce.Location\Ecommerce.Location.csproj", "{42EA5A5C-36D0-42FA-B6CA-1DBEC3AA307E}"
EndProject
Project("{9A19103F-16F7-4668-BE54-9A1E7A4F7556}") = "Ecommerce.Nuke", ".build\Ecommerce.Nuke.csproj", "{F1228656-AB54-4AF0-ADA3-905C5BE9AA92}"
EndProject
Project("{2150E333-8FDC-42A3-9474-1A3956D46DE8}") = "build", "build", "{DEF7EDCC-8BFE-46BA-9A4C-A4B3F72F9381}"
EndProject
Project("{2150E333-8FDC-42A3-9474-1A3956D46DE8}") = "src", "src", "{20771828-45DD-48A3-8537-8BE48BCCD4E9}"
EndProject
Global
	GlobalSection(SolutionConfigurationPlatforms) = preSolution
		Debug|Any CPU = Debug|Any CPU
		Release|Any CPU = Release|Any CPU
	EndGlobalSection
	GlobalSection(ProjectConfigurationPlatforms) = postSolution
		{990CECF7-D274-4BA4-8410-5F3A6106CF81}.Debug|Any CPU.ActiveCfg = Debug|Any CPU
		{990CECF7-D274-4BA4-8410-5F3A6106CF81}.Debug|Any CPU.Build.0 = Debug|Any CPU
		{990CECF7-D274-4BA4-8410-5F3A6106CF81}.Release|Any CPU.ActiveCfg = Release|Any CPU
		{990CECF7-D274-4BA4-8410-5F3A6106CF81}.Release|Any CPU.Build.0 = Release|Any CPU
		{D4D1EC8B-7FEE-4ED6-901D-F973C15BBB07}.Debug|Any CPU.ActiveCfg = Debug|Any CPU
		{D4D1EC8B-7FEE-4ED6-901D-F973C15BBB07}.Debug|Any CPU.Build.0 = Debug|Any CPU
		{D4D1EC8B-7FEE-4ED6-901D-F973C15BBB07}.Release|Any CPU.ActiveCfg = Release|Any CPU
		{D4D1EC8B-7FEE-4ED6-901D-F973C15BBB07}.Release|Any CPU.Build.0 = Release|Any CPU
		{6A2C4E22-3597-4417-A0CD-01881CD2B65B}.Debug|Any CPU.ActiveCfg = Debug|Any CPU
		{6A2C4E22-3597-4417-A0CD-01881CD2B65B}.Debug|Any CPU.Build.0 = Debug|Any CPU
		{6A2C4E22-3597-4417-A0CD-01881CD2B65B}.Release|Any CPU.ActiveCfg = Release|Any CPU
		{6A2C4E22-3597-4417-A0CD-01881CD2B65B}.Release|Any CPU.Build.0 = Release|Any CPU
		{89598383-C38C-4A59-A584-4F3739BA8B80}.Debug|Any CPU.ActiveCfg = Debug|Any CPU
		{89598383-C38C-4A59-A584-4F3739BA8B80}.Debug|Any CPU.Build.0 = Debug|Any CPU
		{89598383-C38C-4A59-A584-4F3739BA8B80}.Release|Any CPU.ActiveCfg = Release|Any CPU
		{89598383-C38C-4A59-A584-4F3739BA8B80}.Release|Any CPU.Build.0 = Release|Any CPU
		{159B06C4-A031-4ADB-B6C7-B9E4F01B4F5A}.Debug|Any CPU.ActiveCfg = Debug|Any CPU
		{159B06C4-A031-4ADB-B6C7-B9E4F01B4F5A}.Debug|Any CPU.Build.0 = Debug|Any CPU
		{159B06C4-A031-4ADB-B6C7-B9E4F01B4F5A}.Release|Any CPU.ActiveCfg = Release|Any CPU
		{159B06C4-A031-4ADB-B6C7-B9E4F01B4F5A}.Release|Any CPU.Build.0 = Release|Any CPU
		{1F8F7002-8136-4F9F-9E2C-91F23AB990D3}.Debug|Any CPU.ActiveCfg = Debug|Any CPU
		{1F8F7002-8136-4F9F-9E2C-91F23AB990D3}.Debug|Any CPU.Build.0 = Debug|Any CPU
		{1F8F7002-8136-4F9F-9E2C-91F23AB990D3}.Release|Any CPU.ActiveCfg = Release|Any CPU
		{1F8F7002-8136-4F9F-9E2C-91F23AB990D3}.Release|Any CPU.Build.0 = Release|Any CPU
		{448F5A79-9296-4C3E-864F-2467657F7F08}.Debug|Any CPU.ActiveCfg = Debug|Any CPU
		{448F5A79-9296-4C3E-864F-2467657F7F08}.Debug|Any CPU.Build.0 = Debug|Any CPU
		{448F5A79-9296-4C3E-864F-2467657F7F08}.Release|Any CPU.ActiveCfg = Release|Any CPU
		{448F5A79-9296-4C3E-864F-2467657F7F08}.Release|Any CPU.Build.0 = Release|Any CPU
		{736FE392-732D-48EE-8B83-2A7EBE0DD764}.Debug|Any CPU.ActiveCfg = Debug|Any CPU
		{736FE392-732D-48EE-8B83-2A7EBE0DD764}.Debug|Any CPU.Build.0 = Debug|Any CPU
		{736FE392-732D-48EE-8B83-2A7EBE0DD764}.Release|Any CPU.ActiveCfg = Release|Any CPU
		{736FE392-732D-48EE-8B83-2A7EBE0DD764}.Release|Any CPU.Build.0 = Release|Any CPU
		{551A8CB4-4BAB-4985-9E52-742550FC50DD}.Debug|Any CPU.ActiveCfg = Debug|Any CPU
		{551A8CB4-4BAB-4985-9E52-742550FC50DD}.Debug|Any CPU.Build.0 = Debug|Any CPU
		{551A8CB4-4BAB-4985-9E52-742550FC50DD}.Release|Any CPU.ActiveCfg = Release|Any CPU
		{551A8CB4-4BAB-4985-9E52-742550FC50DD}.Release|Any CPU.Build.0 = Release|Any CPU
		{14FA8CA0-865A-48EE-92DE-DDCB10CE0DBA}.Debug|Any CPU.ActiveCfg = Debug|Any CPU
		{14FA8CA0-865A-48EE-92DE-DDCB10CE0DBA}.Debug|Any CPU.Build.0 = Debug|Any CPU
		{14FA8CA0-865A-48EE-92DE-DDCB10CE0DBA}.Release|Any CPU.ActiveCfg = Release|Any CPU
		{14FA8CA0-865A-48EE-92DE-DDCB10CE0DBA}.Release|Any CPU.Build.0 = Release|Any CPU
		{2BDA880E-BCA2-4E5F-ABDD-A7CF3E5F6179}.Debug|Any CPU.ActiveCfg = Debug|Any CPU
		{2BDA880E-BCA2-4E5F-ABDD-A7CF3E5F6179}.Debug|Any CPU.Build.0 = Debug|Any CPU
		{2BDA880E-BCA2-4E5F-ABDD-A7CF3E5F6179}.Release|Any CPU.ActiveCfg = Release|Any CPU
		{2BDA880E-BCA2-4E5F-ABDD-A7CF3E5F6179}.Release|Any CPU.Build.0 = Release|Any CPU
		{7C495C67-82D4-4E31-9425-EE230B6F428E}.Debug|Any CPU.ActiveCfg = Debug|Any CPU
		{7C495C67-82D4-4E31-9425-EE230B6F428E}.Debug|Any CPU.Build.0 = Debug|Any CPU
		{7C495C67-82D4-4E31-9425-EE230B6F428E}.Release|Any CPU.ActiveCfg = Release|Any CPU
		{7C495C67-82D4-4E31-9425-EE230B6F428E}.Release|Any CPU.Build.0 = Release|Any CPU
		{A4EE955A-376F-4E9C-8772-52676835AE19}.Debug|Any CPU.ActiveCfg = Debug|Any CPU
		{A4EE955A-376F-4E9C-8772-52676835AE19}.Debug|Any CPU.Build.0 = Debug|Any CPU
		{A4EE955A-376F-4E9C-8772-52676835AE19}.Release|Any CPU.ActiveCfg = Release|Any CPU
		{A4EE955A-376F-4E9C-8772-52676835AE19}.Release|Any CPU.Build.0 = Release|Any CPU
		{F9E49F24-5038-4A06-9833-73AB64F63070}.Debug|Any CPU.ActiveCfg = Debug|Any CPU
		{F9E49F24-5038-4A06-9833-73AB64F63070}.Debug|Any CPU.Build.0 = Debug|Any CPU
		{F9E49F24-5038-4A06-9833-73AB64F63070}.Release|Any CPU.ActiveCfg = Release|Any CPU
		{F9E49F24-5038-4A06-9833-73AB64F63070}.Release|Any CPU.Build.0 = Release|Any CPU
		{D5F1833D-94E1-431C-B7AF-394D7F9FDF5C}.Debug|Any CPU.ActiveCfg = Debug|Any CPU
		{D5F1833D-94E1-431C-B7AF-394D7F9FDF5C}.Debug|Any CPU.Build.0 = Debug|Any CPU
		{D5F1833D-94E1-431C-B7AF-394D7F9FDF5C}.Release|Any CPU.ActiveCfg = Release|Any CPU
		{D5F1833D-94E1-431C-B7AF-394D7F9FDF5C}.Release|Any CPU.Build.0 = Release|Any CPU
		{2676736B-FE13-40E4-97DB-EEDDF7634AE2}.Debug|Any CPU.ActiveCfg = Debug|Any CPU
		{2676736B-FE13-40E4-97DB-EEDDF7634AE2}.Debug|Any CPU.Build.0 = Debug|Any CPU
		{2676736B-FE13-40E4-97DB-EEDDF7634AE2}.Release|Any CPU.ActiveCfg = Release|Any CPU
		{2676736B-FE13-40E4-97DB-EEDDF7634AE2}.Release|Any CPU.Build.0 = Release|Any CPU
		{AF1D45E0-A4C5-45F4-AE1C-53EE4ACF0DB0}.Debug|Any CPU.ActiveCfg = Debug|Any CPU
		{AF1D45E0-A4C5-45F4-AE1C-53EE4ACF0DB0}.Debug|Any CPU.Build.0 = Debug|Any CPU
		{AF1D45E0-A4C5-45F4-AE1C-53EE4ACF0DB0}.Release|Any CPU.ActiveCfg = Release|Any CPU
		{AF1D45E0-A4C5-45F4-AE1C-53EE4ACF0DB0}.Release|Any CPU.Build.0 = Release|Any CPU
		{D2D42C04-A44A-42F2-AB9E-98C0F50AE456}.Debug|Any CPU.ActiveCfg = Debug|Any CPU
		{D2D42C04-A44A-42F2-AB9E-98C0F50AE456}.Debug|Any CPU.Build.0 = Debug|Any CPU
		{D2D42C04-A44A-42F2-AB9E-98C0F50AE456}.Release|Any CPU.ActiveCfg = Release|Any CPU
		{D2D42C04-A44A-42F2-AB9E-98C0F50AE456}.Release|Any CPU.Build.0 = Release|Any CPU
		{80FEA811-1A51-4C1C-B53C-8EADBC7D7DDA}.Debug|Any CPU.ActiveCfg = Debug|Any CPU
		{80FEA811-1A51-4C1C-B53C-8EADBC7D7DDA}.Debug|Any CPU.Build.0 = Debug|Any CPU
		{80FEA811-1A51-4C1C-B53C-8EADBC7D7DDA}.Release|Any CPU.ActiveCfg = Release|Any CPU
		{80FEA811-1A51-4C1C-B53C-8EADBC7D7DDA}.Release|Any CPU.Build.0 = Release|Any CPU
		{F896C1A8-8FD2-44EC-B3BB-67BC362682D9}.Debug|Any CPU.ActiveCfg = Debug|Any CPU
		{F896C1A8-8FD2-44EC-B3BB-67BC362682D9}.Debug|Any CPU.Build.0 = Debug|Any CPU
		{F896C1A8-8FD2-44EC-B3BB-67BC362682D9}.Release|Any CPU.ActiveCfg = Release|Any CPU
		{F896C1A8-8FD2-44EC-B3BB-67BC362682D9}.Release|Any CPU.Build.0 = Release|Any CPU
		{19438E76-F631-4570-BEB9-37869E3E0EA5}.Debug|Any CPU.ActiveCfg = Debug|Any CPU
		{19438E76-F631-4570-BEB9-37869E3E0EA5}.Debug|Any CPU.Build.0 = Debug|Any CPU
		{19438E76-F631-4570-BEB9-37869E3E0EA5}.Release|Any CPU.ActiveCfg = Release|Any CPU
		{19438E76-F631-4570-BEB9-37869E3E0EA5}.Release|Any CPU.Build.0 = Release|Any CPU
		{D4C7A9CE-FF70-42E8-801E-E8807FF5D302}.Debug|Any CPU.ActiveCfg = Debug|Any CPU
		{D4C7A9CE-FF70-42E8-801E-E8807FF5D302}.Debug|Any CPU.Build.0 = Debug|Any CPU
		{D4C7A9CE-FF70-42E8-801E-E8807FF5D302}.Release|Any CPU.ActiveCfg = Release|Any CPU
		{D4C7A9CE-FF70-42E8-801E-E8807FF5D302}.Release|Any CPU.Build.0 = Release|Any CPU
		{ED572149-C701-4B06-81B6-82DFF4AB319F}.Debug|Any CPU.ActiveCfg = Debug|Any CPU
		{ED572149-C701-4B06-81B6-82DFF4AB319F}.Debug|Any CPU.Build.0 = Debug|Any CPU
		{ED572149-C701-4B06-81B6-82DFF4AB319F}.Release|Any CPU.ActiveCfg = Release|Any CPU
		{ED572149-C701-4B06-81B6-82DFF4AB319F}.Release|Any CPU.Build.0 = Release|Any CPU
		{7A1058FE-7171-4A67-8278-A6C8B4769BCC}.Debug|Any CPU.ActiveCfg = Debug|Any CPU
		{7A1058FE-7171-4A67-8278-A6C8B4769BCC}.Debug|Any CPU.Build.0 = Debug|Any CPU
		{7A1058FE-7171-4A67-8278-A6C8B4769BCC}.Release|Any CPU.ActiveCfg = Release|Any CPU
		{7A1058FE-7171-4A67-8278-A6C8B4769BCC}.Release|Any CPU.Build.0 = Release|Any CPU
		{3FAB74FB-2202-46C5-8A87-9091B9AE1FE3}.Debug|Any CPU.ActiveCfg = Debug|Any CPU
		{3FAB74FB-2202-46C5-8A87-9091B9AE1FE3}.Debug|Any CPU.Build.0 = Debug|Any CPU
		{3FAB74FB-2202-46C5-8A87-9091B9AE1FE3}.Release|Any CPU.ActiveCfg = Release|Any CPU
		{3FAB74FB-2202-46C5-8A87-9091B9AE1FE3}.Release|Any CPU.Build.0 = Release|Any CPU
		{3D599199-6EC0-456E-B265-DC11E7072C76}.Debug|Any CPU.ActiveCfg = Debug|Any CPU
		{3D599199-6EC0-456E-B265-DC11E7072C76}.Debug|Any CPU.Build.0 = Debug|Any CPU
		{3D599199-6EC0-456E-B265-DC11E7072C76}.Release|Any CPU.ActiveCfg = Release|Any CPU
		{3D599199-6EC0-456E-B265-DC11E7072C76}.Release|Any CPU.Build.0 = Release|Any CPU
		{AA9DFC00-C1A6-4320-8815-6324DA75605D}.Debug|Any CPU.ActiveCfg = Debug|Any CPU
		{AA9DFC00-C1A6-4320-8815-6324DA75605D}.Debug|Any CPU.Build.0 = Debug|Any CPU
		{AA9DFC00-C1A6-4320-8815-6324DA75605D}.Release|Any CPU.ActiveCfg = Release|Any CPU
		{AA9DFC00-C1A6-4320-8815-6324DA75605D}.Release|Any CPU.Build.0 = Release|Any CPU
		{8F8701D0-C54E-4D73-8422-A81FAE30AE46}.Debug|Any CPU.ActiveCfg = Debug|Any CPU
		{8F8701D0-C54E-4D73-8422-A81FAE30AE46}.Debug|Any CPU.Build.0 = Debug|Any CPU
		{8F8701D0-C54E-4D73-8422-A81FAE30AE46}.Release|Any CPU.ActiveCfg = Release|Any CPU
		{8F8701D0-C54E-4D73-8422-A81FAE30AE46}.Release|Any CPU.Build.0 = Release|Any CPU
		{148049DD-630A-4281-9C4C-021D902CC216}.Debug|Any CPU.ActiveCfg = Debug|Any CPU
		{148049DD-630A-4281-9C4C-021D902CC216}.Debug|Any CPU.Build.0 = Debug|Any CPU
		{148049DD-630A-4281-9C4C-021D902CC216}.Release|Any CPU.ActiveCfg = Release|Any CPU
		{148049DD-630A-4281-9C4C-021D902CC216}.Release|Any CPU.Build.0 = Release|Any CPU
		{16E88AFD-41CD-4281-B5E1-C717720C55D8}.Debug|Any CPU.ActiveCfg = Debug|Any CPU
		{16E88AFD-41CD-4281-B5E1-C717720C55D8}.Debug|Any CPU.Build.0 = Debug|Any CPU
		{16E88AFD-41CD-4281-B5E1-C717720C55D8}.Release|Any CPU.ActiveCfg = Release|Any CPU
		{16E88AFD-41CD-4281-B5E1-C717720C55D8}.Release|Any CPU.Build.0 = Release|Any CPU
		{42EA5A5C-36D0-42FA-B6CA-1DBEC3AA307E}.Debug|Any CPU.ActiveCfg = Debug|Any CPU
		{42EA5A5C-36D0-42FA-B6CA-1DBEC3AA307E}.Debug|Any CPU.Build.0 = Debug|Any CPU
		{42EA5A5C-36D0-42FA-B6CA-1DBEC3AA307E}.Release|Any CPU.ActiveCfg = Release|Any CPU
		{42EA5A5C-36D0-42FA-B6CA-1DBEC3AA307E}.Release|Any CPU.Build.0 = Release|Any CPU
		{F1228656-AB54-4AF0-ADA3-905C5BE9AA92}.Debug|Any CPU.ActiveCfg = Debug|Any CPU
		{F1228656-AB54-4AF0-ADA3-905C5BE9AA92}.Release|Any CPU.ActiveCfg = Release|Any CPU
	EndGlobalSection
	GlobalSection(SolutionProperties) = preSolution
		HideSolutionNode = FALSE
	EndGlobalSection
	GlobalSection(NestedProjects) = preSolution
		{990CECF7-D274-4BA4-8410-5F3A6106CF81} = {0F280D2F-0FFA-45C2-B14D-43E79E07D699}
		{D4D1EC8B-7FEE-4ED6-901D-F973C15BBB07} = {0F280D2F-0FFA-45C2-B14D-43E79E07D699}
		{0F280D2F-0FFA-45C2-B14D-43E79E07D699} = {20771828-45DD-48A3-8537-8BE48BCCD4E9}
		{5AAEE39B-AD5E-45A1-AAA9-ED49F7972486} = {20771828-45DD-48A3-8537-8BE48BCCD4E9}
		{6A2C4E22-3597-4417-A0CD-01881CD2B65B} = {5AAEE39B-AD5E-45A1-AAA9-ED49F7972486}
		{89598383-C38C-4A59-A584-4F3739BA8B80} = {5AAEE39B-AD5E-45A1-AAA9-ED49F7972486}
		{159B06C4-A031-4ADB-B6C7-B9E4F01B4F5A} = {5AAEE39B-AD5E-45A1-AAA9-ED49F7972486}
		{1F8F7002-8136-4F9F-9E2C-91F23AB990D3} = {5AAEE39B-AD5E-45A1-AAA9-ED49F7972486}
		{448F5A79-9296-4C3E-864F-2467657F7F08} = {5AAEE39B-AD5E-45A1-AAA9-ED49F7972486}
		{736FE392-732D-48EE-8B83-2A7EBE0DD764} = {5AAEE39B-AD5E-45A1-AAA9-ED49F7972486}
		{C36001D2-976C-4FCC-83A8-7B13758980F1} = {20771828-45DD-48A3-8537-8BE48BCCD4E9}
		{551A8CB4-4BAB-4985-9E52-742550FC50DD} = {E5A0FCC3-8BF7-465D-BEB1-E819E3C2196B}
		{E5A0FCC3-8BF7-465D-BEB1-E819E3C2196B} = {C36001D2-976C-4FCC-83A8-7B13758980F1}
		{407063A7-B425-4676-A222-8B5E4CC5B6FE} = {C36001D2-976C-4FCC-83A8-7B13758980F1}
		{4D7EC236-DB85-416E-AA73-0AB74B04AF01} = {C36001D2-976C-4FCC-83A8-7B13758980F1}
		{4A3E296C-834D-4493-8D24-E8FE1322952C} = {C36001D2-976C-4FCC-83A8-7B13758980F1}
		{794AADAB-183B-4D39-B611-1D357C990F8D} = {C36001D2-976C-4FCC-83A8-7B13758980F1}
		{552879D6-75F5-4CBB-93F1-62C7411A9218} = {C36001D2-976C-4FCC-83A8-7B13758980F1}
		{C58BC451-18AC-427E-93F0-8F466378283A} = {C36001D2-976C-4FCC-83A8-7B13758980F1}
		{F2E9FA38-F35A-4E76-A81A-4B0C3EA73736} = {C36001D2-976C-4FCC-83A8-7B13758980F1}
		{473D9C76-E133-4974-916A-919BA997228B} = {C36001D2-976C-4FCC-83A8-7B13758980F1}
		{8A4B2251-0E97-455A-B421-5A1017BC87F8} = {C36001D2-976C-4FCC-83A8-7B13758980F1}
		{DFE05568-0FEE-4A27-A8E8-853D8FB1FFE2} = {C36001D2-976C-4FCC-83A8-7B13758980F1}
		{14FA8CA0-865A-48EE-92DE-DDCB10CE0DBA} = {E5A0FCC3-8BF7-465D-BEB1-E819E3C2196B}
		{2BDA880E-BCA2-4E5F-ABDD-A7CF3E5F6179} = {407063A7-B425-4676-A222-8B5E4CC5B6FE}
		{7C495C67-82D4-4E31-9425-EE230B6F428E} = {4A3E296C-834D-4493-8D24-E8FE1322952C}
		{9C00B4D7-E800-4D31-AEB2-7A8950B9127F} = {20771828-45DD-48A3-8537-8BE48BCCD4E9}
		{A4EE955A-376F-4E9C-8772-52676835AE19} = {E5A0FCC3-8BF7-465D-BEB1-E819E3C2196B}
		{F9E49F24-5038-4A06-9833-73AB64F63070} = {C58BC451-18AC-427E-93F0-8F466378283A}
		{D5F1833D-94E1-431C-B7AF-394D7F9FDF5C} = {794AADAB-183B-4D39-B611-1D357C990F8D}
		{2676736B-FE13-40E4-97DB-EEDDF7634AE2} = {8A4B2251-0E97-455A-B421-5A1017BC87F8}
		{AF1D45E0-A4C5-45F4-AE1C-53EE4ACF0DB0} = {473D9C76-E133-4974-916A-919BA997228B}
		{D2D42C04-A44A-42F2-AB9E-98C0F50AE456} = {F2E9FA38-F35A-4E76-A81A-4B0C3EA73736}
		{80FEA811-1A51-4C1C-B53C-8EADBC7D7DDA} = {DFE05568-0FEE-4A27-A8E8-853D8FB1FFE2}
		{F896C1A8-8FD2-44EC-B3BB-67BC362682D9} = {552879D6-75F5-4CBB-93F1-62C7411A9218}
		{19438E76-F631-4570-BEB9-37869E3E0EA5} = {4D7EC236-DB85-416E-AA73-0AB74B04AF01}
		{A6CA3B71-7155-4365-9FD5-2400CCA2B947} = {9C00B4D7-E800-4D31-AEB2-7A8950B9127F}
		{D4C7A9CE-FF70-42E8-801E-E8807FF5D302} = {A6CA3B71-7155-4365-9FD5-2400CCA2B947}
		{ED572149-C701-4B06-81B6-82DFF4AB319F} = {A6CA3B71-7155-4365-9FD5-2400CCA2B947}
		{1FBC1B68-2F2A-4D8B-B4B9-16E72036BE0F} = {9C00B4D7-E800-4D31-AEB2-7A8950B9127F}
		{7A1058FE-7171-4A67-8278-A6C8B4769BCC} = {1FBC1B68-2F2A-4D8B-B4B9-16E72036BE0F}
		{3FAB74FB-2202-46C5-8A87-9091B9AE1FE3} = {1FBC1B68-2F2A-4D8B-B4B9-16E72036BE0F}
		{DB24EAD9-0E83-46C6-A33B-91C8A5918594} = {20771828-45DD-48A3-8537-8BE48BCCD4E9}
		{3D599199-6EC0-456E-B265-DC11E7072C76} = {B47B13F6-4B05-4048-9D3F-CE11A4BA23BD}
		{B47B13F6-4B05-4048-9D3F-CE11A4BA23BD} = {9C00B4D7-E800-4D31-AEB2-7A8950B9127F}
		{AA9DFC00-C1A6-4320-8815-6324DA75605D} = {DB24EAD9-0E83-46C6-A33B-91C8A5918594}
		{8F8701D0-C54E-4D73-8422-A81FAE30AE46} = {DB24EAD9-0E83-46C6-A33B-91C8A5918594}
		{DE097D0A-8F10-4599-97CB-F8C13C398A62} = {C36001D2-976C-4FCC-83A8-7B13758980F1}
		{148049DD-630A-4281-9C4C-021D902CC216} = {DE097D0A-8F10-4599-97CB-F8C13C398A62}
		{2C8EB3F2-621A-4494-8CC7-CA218F0AC8DD} = {9C00B4D7-E800-4D31-AEB2-7A8950B9127F}
		{16E88AFD-41CD-4281-B5E1-C717720C55D8} = {2C8EB3F2-621A-4494-8CC7-CA218F0AC8DD}
		{F3F7DDCE-5A95-435B-86F5-E87746AECF0A} = {C36001D2-976C-4FCC-83A8-7B13758980F1}
		{42EA5A5C-36D0-42FA-B6CA-1DBEC3AA307E} = {F3F7DDCE-5A95-435B-86F5-E87746AECF0A}
		{F1228656-AB54-4AF0-ADA3-905C5BE9AA92} = {DEF7EDCC-8BFE-46BA-9A4C-A4B3F72F9381}
	EndGlobalSection
	GlobalSection(ExtensibilityGlobals) = postSolution
		SolutionGuid = {6A9BBFB9-9859-4F11-A68F-6B84DE44E6D6}
	EndGlobalSection
EndGlobal
